
Microsoft Visual Studio Solution File, Format Version 12.00
# Visual Studio Version 17
VisualStudioVersion = 17.6.33712.159
MinimumVisualStudioVersion = 10.0.40219.1
Project("{FAE04EC0-301F-11D3-BF4B-00C04F79EFBC}") = "KuehneNaggelMAIN", "KuehneNaggelMAIN\KuehneNaggelMAIN.csproj", "{FB803969-D915-40E9-925E-CB94168211CE}"
EndProject
Global
	GlobalSection(SolutionConfigurationPlatforms) = preSolution
		Debug|Any CPU = Debug|Any CPU
		Release|Any CPU = Release|Any CPU
	EndGlobalSection
	GlobalSection(ProjectConfigurationPlatforms) = postSolution
		{FB803969-D915-40E9-925E-CB94168211CE}.Debug|Any CPU.ActiveCfg = Debug|Any CPU
		{FB803969-D915-40E9-925E-CB94168211CE}.Debug|Any CPU.Build.0 = Debug|Any CPU
		{FB803969-D915-40E9-925E-CB94168211CE}.Release|Any CPU.ActiveCfg = Release|Any CPU
		{FB803969-D915-40E9-925E-CB94168211CE}.Release|Any CPU.Build.0 = Release|Any CPU
	EndGlobalSection
	GlobalSection(SolutionProperties) = preSolution
		HideSolutionNode = FALSE
	EndGlobalSection
	GlobalSection(ExtensibilityGlobals) = postSolution
		SolutionGuid = {36ECDC13-9653-40FD-9C72-706AA4709818}
	EndGlobalSection
EndGlobal
